// !$*UTF8*$!
{
	archiveVersion = 1;
	classes = {
	};
	objectVersion = 50;
	objects = {

/* Begin PBXBuildFile section */
		DF5F758324043A07009C3BD7 /* LoansViewController.swift in Sources */ = {isa = PBXBuildFile; fileRef = DF5F758224043A07009C3BD7 /* LoansViewController.swift */; };
		DF5F758524044460009C3BD7 /* CompoundSaving.swift in Sources */ = {isa = PBXBuildFile; fileRef = DF5F758424044460009C3BD7 /* CompoundSaving.swift */; };
		DF5F758724045608009C3BD7 /* SimpleSavingsViewController.swift in Sources */ = {isa = PBXBuildFile; fileRef = DF5F758624045608009C3BD7 /* SimpleSavingsViewController.swift */; };
		DF5F758B240456D8009C3BD7 /* CompoundSavingsViewController.swift in Sources */ = {isa = PBXBuildFile; fileRef = DF5F758A240456D8009C3BD7 /* CompoundSavingsViewController.swift */; };
		DFBEA57B240161CE0054E70E /* AppDelegate.swift in Sources */ = {isa = PBXBuildFile; fileRef = DFBEA57A240161CE0054E70E /* AppDelegate.swift */; };
		DFBEA582240161CE0054E70E /* Main.storyboard in Resources */ = {isa = PBXBuildFile; fileRef = DFBEA580240161CE0054E70E /* Main.storyboard */; };
		DFBEA584240161CF0054E70E /* Assets.xcassets in Resources */ = {isa = PBXBuildFile; fileRef = DFBEA583240161CF0054E70E /* Assets.xcassets */; };
		DFBEA587240161CF0054E70E /* LaunchScreen.storyboard in Resources */ = {isa = PBXBuildFile; fileRef = DFBEA585240161CF0054E70E /* LaunchScreen.storyboard */; };
		DFBEA594240176B50054E70E /* SimpleSaving.swift in Sources */ = {isa = PBXBuildFile; fileRef = DFBEA593240176B50054E70E /* SimpleSaving.swift */; };
		DFBEA59724017FA30054E70E /* CalculationCases.swift in Sources */ = {isa = PBXBuildFile; fileRef = DFBEA59624017FA30054E70E /* CalculationCases.swift */; };
		DFC8D49A24057E74007ABF74 /* KeyboardOpenStatus.swift in Sources */ = {isa = PBXBuildFile; fileRef = DFC8D49924057E74007ABF74 /* KeyboardOpenStatus.swift */; };
		DFD8C168240193C9001E8B8F /* MortgageViewController.swift in Sources */ = {isa = PBXBuildFile; fileRef = DFD8C167240193C9001E8B8F /* MortgageViewController.swift */; };
		DFD8C16A2401A05F001E8B8F /* MortagageAndLoans.swift in Sources */ = {isa = PBXBuildFile; fileRef = DFD8C1692401A05F001E8B8F /* MortagageAndLoans.swift */; };
/* End PBXBuildFile section */

/* Begin PBXCopyFilesBuildPhase section */
		DF5F756A24040FBB009C3BD7 /* Embed App Extensions */ = {
			isa = PBXCopyFilesBuildPhase;
			buildActionMask = 2147483647;
			dstPath = "";
			dstSubfolderSpec = 13;
			files = (
			);
			name = "Embed App Extensions";
			runOnlyForDeploymentPostprocessing = 0;
		};
/* End PBXCopyFilesBuildPhase section */

/* Begin PBXFileReference section */
		DF5F758224043A07009C3BD7 /* LoansViewController.swift */ = {isa = PBXFileReference; lastKnownFileType = sourcecode.swift; path = LoansViewController.swift; sourceTree = "<group>"; };
		DF5F758424044460009C3BD7 /* CompoundSaving.swift */ = {isa = PBXFileReference; lastKnownFileType = sourcecode.swift; path = CompoundSaving.swift; sourceTree = "<group>"; };
		DF5F758624045608009C3BD7 /* SimpleSavingsViewController.swift */ = {isa = PBXFileReference; fileEncoding = 4; lastKnownFileType = sourcecode.swift; path = SimpleSavingsViewController.swift; sourceTree = "<group>"; };
		DF5F758A240456D8009C3BD7 /* CompoundSavingsViewController.swift */ = {isa = PBXFileReference; fileEncoding = 4; lastKnownFileType = sourcecode.swift; path = CompoundSavingsViewController.swift; sourceTree = "<group>"; };
		DFBEA577240161CE0054E70E /* FinanceCalculator.app */ = {isa = PBXFileReference; explicitFileType = wrapper.application; includeInIndex = 0; path = FinanceCalculator.app; sourceTree = BUILT_PRODUCTS_DIR; };
		DFBEA57A240161CE0054E70E /* AppDelegate.swift */ = {isa = PBXFileReference; lastKnownFileType = sourcecode.swift; path = AppDelegate.swift; sourceTree = "<group>"; };
		DFBEA581240161CE0054E70E /* Base */ = {isa = PBXFileReference; lastKnownFileType = file.storyboard; name = Base; path = Base.lproj/Main.storyboard; sourceTree = "<group>"; };
		DFBEA583240161CF0054E70E /* Assets.xcassets */ = {isa = PBXFileReference; lastKnownFileType = folder.assetcatalog; path = Assets.xcassets; sourceTree = "<group>"; };
		DFBEA586240161CF0054E70E /* Base */ = {isa = PBXFileReference; lastKnownFileType = file.storyboard; name = Base; path = Base.lproj/LaunchScreen.storyboard; sourceTree = "<group>"; };
		DFBEA588240161CF0054E70E /* Info.plist */ = {isa = PBXFileReference; lastKnownFileType = text.plist.xml; path = Info.plist; sourceTree = "<group>"; };
		DFBEA593240176B50054E70E /* SimpleSaving.swift */ = {isa = PBXFileReference; fileEncoding = 4; lastKnownFileType = sourcecode.swift; path = SimpleSaving.swift; sourceTree = "<group>"; };
		DFBEA59624017FA30054E70E /* CalculationCases.swift */ = {isa = PBXFileReference; lastKnownFileType = sourcecode.swift; path = CalculationCases.swift; sourceTree = "<group>"; };
		DFC8D49924057E74007ABF74 /* KeyboardOpenStatus.swift */ = {isa = PBXFileReference; lastKnownFileType = sourcecode.swift; path = KeyboardOpenStatus.swift; sourceTree = "<group>"; };
		DFD8C167240193C9001E8B8F /* MortgageViewController.swift */ = {isa = PBXFileReference; lastKnownFileType = sourcecode.swift; path = MortgageViewController.swift; sourceTree = "<group>"; };
		DFD8C1692401A05F001E8B8F /* MortagageAndLoans.swift */ = {isa = PBXFileReference; lastKnownFileType = sourcecode.swift; path = MortagageAndLoans.swift; sourceTree = "<group>"; };
/* End PBXFileReference section */

/* Begin PBXFrameworksBuildPhase section */
		DFBEA574240161CE0054E70E /* Frameworks */ = {
			isa = PBXFrameworksBuildPhase;
			buildActionMask = 2147483647;
			files = (
			);
			runOnlyForDeploymentPostprocessing = 0;
		};
/* End PBXFrameworksBuildPhase section */

/* Begin PBXGroup section */
		DFBEA56E240161CE0054E70E = {
			isa = PBXGroup;
			children = (
				DFBEA579240161CE0054E70E /* FinanceCalculator */,
				DFBEA578240161CE0054E70E /* Products */,
			);
			sourceTree = "<group>";
		};
		DFBEA578240161CE0054E70E /* Products */ = {
			isa = PBXGroup;
			children = (
				DFBEA577240161CE0054E70E /* FinanceCalculator.app */,
			);
			name = Products;
			sourceTree = "<group>";
		};
		DFBEA579240161CE0054E70E /* FinanceCalculator */ = {
			isa = PBXGroup;
			children = (
				DFBEA588240161CF0054E70E /* Info.plist */,
				DFBEA57A240161CE0054E70E /* AppDelegate.swift */,
				DF5F758224043A07009C3BD7 /* LoansViewController.swift */,
				DFD8C167240193C9001E8B8F /* MortgageViewController.swift */,
				DF5F758A240456D8009C3BD7 /* CompoundSavingsViewController.swift */,
				DF5F758624045608009C3BD7 /* SimpleSavingsViewController.swift */,
				DFBEA583240161CF0054E70E /* Assets.xcassets */,
				DFBEA5902401663C0054E70E /* Formulas */,
				DFBEA585240161CF0054E70E /* LaunchScreen.storyboard */,
				DFBEA580240161CE0054E70E /* Main.storyboard */,
				DFBEA59524017F770054E70E /* Utilities */,
			);
			path = FinanceCalculator;
			sourceTree = "<group>";
		};
		DFBEA5902401663C0054E70E /* Formulas */ = {
			isa = PBXGroup;
			children = (
				DF5F758424044460009C3BD7 /* CompoundSaving.swift */,
				DFD8C1692401A05F001E8B8F /* MortagageAndLoans.swift */,
				DFBEA593240176B50054E70E /* SimpleSaving.swift */,
			);
			path = Formulas;
			sourceTree = "<group>";
		};
		DFBEA59524017F770054E70E /* Utilities */ = {
			isa = PBXGroup;
			children = (
				DFBEA59624017FA30054E70E /* CalculationCases.swift */,
				DFC8D49924057E74007ABF74 /* KeyboardOpenStatus.swift */,
			);
			path = Utilities;
			sourceTree = "<group>";
		};
/* End PBXGroup section */

/* Begin PBXNativeTarget section */
		DFBEA576240161CE0054E70E /* FinanceCalculator */ = {
			isa = PBXNativeTarget;
			buildConfigurationList = DFBEA58B240161CF0054E70E /* Build configuration list for PBXNativeTarget "FinanceCalculator" */;
			buildPhases = (
				DFBEA573240161CE0054E70E /* Sources */,
				DFBEA574240161CE0054E70E /* Frameworks */,
				DFBEA575240161CE0054E70E /* Resources */,
				DF5F756A24040FBB009C3BD7 /* Embed App Extensions */,
			);
			buildRules = (
			);
			dependencies = (
			);
			name = FinanceCalculator;
			productName = FinanceCalculator;
			productReference = DFBEA577240161CE0054E70E /* FinanceCalculator.app */;
			productType = "com.apple.product-type.application";
		};
/* End PBXNativeTarget section */

/* Begin PBXProject section */
		DFBEA56F240161CE0054E70E /* Project object */ = {
			isa = PBXProject;
			attributes = {
				LastSwiftUpdateCheck = 1030;
				LastUpgradeCheck = 1030;
				ORGANIZATIONNAME = "Subin Chitrakar";
				TargetAttributes = {
					DFBEA576240161CE0054E70E = {
						CreatedOnToolsVersion = 10.3;
					};
				};
			};
			buildConfigurationList = DFBEA572240161CE0054E70E /* Build configuration list for PBXProject "FinanceCalculator" */;
			compatibilityVersion = "Xcode 9.3";
			developmentRegion = en;
			hasScannedForEncodings = 0;
			knownRegions = (
				en,
				Base,
			);
			mainGroup = DFBEA56E240161CE0054E70E;
			productRefGroup = DFBEA578240161CE0054E70E /* Products */;
			projectDirPath = "";
			projectRoot = "";
			targets = (
				DFBEA576240161CE0054E70E /* FinanceCalculator */,
			);
		};
/* End PBXProject section */

/* Begin PBXResourcesBuildPhase section */
		DFBEA575240161CE0054E70E /* Resources */ = {
			isa = PBXResourcesBuildPhase;
			buildActionMask = 2147483647;
			files = (
				DFBEA587240161CF0054E70E /* LaunchScreen.storyboard in Resources */,
				DFBEA584240161CF0054E70E /* Assets.xcassets in Resources */,
				DFBEA582240161CE0054E70E /* Main.storyboard in Resources */,
			);
			runOnlyForDeploymentPostprocessing = 0;
		};
/* End PBXResourcesBuildPhase section */

/* Begin PBXSourcesBuildPhase section */
		DFBEA573240161CE0054E70E /* Sources */ = {
			isa = PBXSourcesBuildPhase;
			buildActionMask = 2147483647;
			files = (
				DF5F758B240456D8009C3BD7 /* CompoundSavingsViewController.swift in Sources */,
				DF5F758324043A07009C3BD7 /* LoansViewController.swift in Sources */,
				DFC8D49A24057E74007ABF74 /* KeyboardOpenStatus.swift in Sources */,
				DFD8C16A2401A05F001E8B8F /* MortagageAndLoans.swift in Sources */,
				DFBEA594240176B50054E70E /* SimpleSaving.swift in Sources */,
				DF5F758524044460009C3BD7 /* CompoundSaving.swift in Sources */,
				DFBEA59724017FA30054E70E /* CalculationCases.swift in Sources */,
				DF5F758724045608009C3BD7 /* SimpleSavingsViewController.swift in Sources */,
				DFD8C168240193C9001E8B8F /* MortgageViewController.swift in Sources */,
				DFBEA57B240161CE0054E70E /* AppDelegate.swift in Sources */,
			);
			runOnlyForDeploymentPostprocessing = 0;
		};
/* End PBXSourcesBuildPhase section */

/* Begin PBXVariantGroup section */
		DFBEA580240161CE0054E70E /* Main.storyboard */ = {
			isa = PBXVariantGroup;
			children = (
				DFBEA581240161CE0054E70E /* Base */,
			);
			name = Main.storyboard;
			sourceTree = "<group>";
		};
		DFBEA585240161CF0054E70E /* LaunchScreen.storyboard */ = {
			isa = PBXVariantGroup;
			children = (
				DFBEA586240161CF0054E70E /* Base */,
			);
			name = LaunchScreen.storyboard;
			sourceTree = "<group>";
		};
/* End PBXVariantGroup section */

/* Begin XCBuildConfiguration section */
		DFBEA589240161CF0054E70E /* Debug */ = {
			isa = XCBuildConfiguration;
			buildSettings = {
				ALWAYS_SEARCH_USER_PATHS = NO;
				CLANG_ANALYZER_NONNULL = YES;
				CLANG_ANALYZER_NUMBER_OBJECT_CONVERSION = YES_AGGRESSIVE;
				CLANG_CXX_LANGUAGE_STANDARD = "gnu++14";
				CLANG_CXX_LIBRARY = "libc++";
				CLANG_ENABLE_MODULES = YES;
				CLANG_ENABLE_OBJC_ARC = YES;
				CLANG_ENABLE_OBJC_WEAK = YES;
				CLANG_WARN_BLOCK_CAPTURE_AUTORELEASING = YES;
				CLANG_WARN_BOOL_CONVERSION = YES;
				CLANG_WARN_COMMA = YES;
				CLANG_WARN_CONSTANT_CONVERSION = YES;
				CLANG_WARN_DEPRECATED_OBJC_IMPLEMENTATIONS = YES;
				CLANG_WARN_DIRECT_OBJC_ISA_USAGE = YES_ERROR;
				CLANG_WARN_DOCUMENTATION_COMMENTS = YES;
				CLANG_WARN_EMPTY_BODY = YES;
				CLANG_WARN_ENUM_CONVERSION = YES;
				CLANG_WARN_INFINITE_RECURSION = YES;
				CLANG_WARN_INT_CONVERSION = YES;
				CLANG_WARN_NON_LITERAL_NULL_CONVERSION = YES;
				CLANG_WARN_OBJC_IMPLICIT_RETAIN_SELF = YES;
				CLANG_WARN_OBJC_LITERAL_CONVERSION = YES;
				CLANG_WARN_OBJC_ROOT_CLASS = YES_ERROR;
				CLANG_WARN_RANGE_LOOP_ANALYSIS = YES;
				CLANG_WARN_STRICT_PROTOTYPES = YES;
				CLANG_WARN_SUSPICIOUS_MOVE = YES;
				CLANG_WARN_UNGUARDED_AVAILABILITY = YES_AGGRESSIVE;
				CLANG_WARN_UNREACHABLE_CODE = YES;
				CLANG_WARN__DUPLICATE_METHOD_MATCH = YES;
				CODE_SIGN_IDENTITY = "iPhone Developer";
				COPY_PHASE_STRIP = NO;
				DEBUG_INFORMATION_FORMAT = dwarf;
				ENABLE_STRICT_OBJC_MSGSEND = YES;
				ENABLE_TESTABILITY = YES;
				GCC_C_LANGUAGE_STANDARD = gnu11;
				GCC_DYNAMIC_NO_PIC = NO;
				GCC_NO_COMMON_BLOCKS = YES;
				GCC_OPTIMIZATION_LEVEL = 0;
				GCC_PREPROCESSOR_DEFINITIONS = (
					"DEBUG=1",
					"$(inherited)",
				);
				GCC_WARN_64_TO_32_BIT_CONVERSION = YES;
				GCC_WARN_ABOUT_RETURN_TYPE = YES_ERROR;
				GCC_WARN_UNDECLARED_SELECTOR = YES;
				GCC_WARN_UNINITIALIZED_AUTOS = YES_AGGRESSIVE;
				GCC_WARN_UNUSED_FUNCTION = YES;
				GCC_WARN_UNUSED_VARIABLE = YES;
				IPHONEOS_DEPLOYMENT_TARGET = 12.4;
				MTL_ENABLE_DEBUG_INFO = INCLUDE_SOURCE;
				MTL_FAST_MATH = YES;
				ONLY_ACTIVE_ARCH = YES;
				SDKROOT = iphoneos;
				SWIFT_ACTIVE_COMPILATION_CONDITIONS = DEBUG;
				SWIFT_OPTIMIZATION_LEVEL = "-Onone";
			};
			name = Debug;
		};
		DFBEA58A240161CF0054E70E /* Release */ = {
			isa = XCBuildConfiguration;
			buildSettings = {
				ALWAYS_SEARCH_USER_PATHS = NO;
				CLANG_ANALYZER_NONNULL = YES;
				CLANG_ANALYZER_NUMBER_OBJECT_CONVERSION = YES_AGGRESSIVE;
				CLANG_CXX_LANGUAGE_STANDARD = "gnu++14";
				CLANG_CXX_LIBRARY = "libc++";
				CLANG_ENABLE_MODULES = YES;
				CLANG_ENABLE_OBJC_ARC = YES;
				CLANG_ENABLE_OBJC_WEAK = YES;
				CLANG_WARN_BLOCK_CAPTURE_AUTORELEASING = YES;
				CLANG_WARN_BOOL_CONVERSION = YES;
				CLANG_WARN_COMMA = YES;
				CLANG_WARN_CONSTANT_CONVERSION = YES;
				CLANG_WARN_DEPRECATED_OBJC_IMPLEMENTATIONS = YES;
				CLANG_WARN_DIRECT_OBJC_ISA_USAGE = YES_ERROR;
				CLANG_WARN_DOCUMENTATION_COMMENTS = YES;
				CLANG_WARN_EMPTY_BODY = YES;
				CLANG_WARN_ENUM_CONVERSION = YES;
				CLANG_WARN_INFINITE_RECURSION = YES;
				CLANG_WARN_INT_CONVERSION = YES;
				CLANG_WARN_NON_LITERAL_NULL_CONVERSION = YES;
				CLANG_WARN_OBJC_IMPLICIT_RETAIN_SELF = YES;
				CLANG_WARN_OBJC_LITERAL_CONVERSION = YES;
				CLANG_WARN_OBJC_ROOT_CLASS = YES_ERROR;
				CLANG_WARN_RANGE_LOOP_ANALYSIS = YES;
				CLANG_WARN_STRICT_PROTOTYPES = YES;
				CLANG_WARN_SUSPICIOUS_MOVE = YES;
				CLANG_WARN_UNGUARDED_AVAILABILITY = YES_AGGRESSIVE;
				CLANG_WARN_UNREACHABLE_CODE = YES;
				CLANG_WARN__DUPLICATE_METHOD_MATCH = YES;
				CODE_SIGN_IDENTITY = "iPhone Developer";
				COPY_PHASE_STRIP = NO;
				DEBUG_INFORMATION_FORMAT = "dwarf-with-dsym";
				ENABLE_NS_ASSERTIONS = NO;
				ENABLE_STRICT_OBJC_MSGSEND = YES;
				GCC_C_LANGUAGE_STANDARD = gnu11;
				GCC_NO_COMMON_BLOCKS = YES;
				GCC_WARN_64_TO_32_BIT_CONVERSION = YES;
				GCC_WARN_ABOUT_RETURN_TYPE = YES_ERROR;
				GCC_WARN_UNDECLARED_SELECTOR = YES;
				GCC_WARN_UNINITIALIZED_AUTOS = YES_AGGRESSIVE;
				GCC_WARN_UNUSED_FUNCTION = YES;
				GCC_WARN_UNUSED_VARIABLE = YES;
				IPHONEOS_DEPLOYMENT_TARGET = 12.4;
				MTL_ENABLE_DEBUG_INFO = NO;
				MTL_FAST_MATH = YES;
				SDKROOT = iphoneos;
				SWIFT_COMPILATION_MODE = wholemodule;
				SWIFT_OPTIMIZATION_LEVEL = "-O";
				VALIDATE_PRODUCT = YES;
			};
			name = Release;
		};
		DFBEA58C240161CF0054E70E /* Debug */ = {
			isa = XCBuildConfiguration;
			buildSettings = {
				ASSETCATALOG_COMPILER_APPICON_NAME = AppIcon;
				CODE_SIGN_STYLE = Automatic;
				INFOPLIST_FILE = FinanceCalculator/Info.plist;
				IPHONEOS_DEPLOYMENT_TARGET = 12.0;
				LD_RUNPATH_SEARCH_PATHS = (
					"$(inherited)",
					"@executable_path/Frameworks",
				);
				PRODUCT_BUNDLE_IDENTIFIER = uk.ac.westminster.w1757218.FinanceCalculator;
				PRODUCT_NAME = "$(TARGET_NAME)";
				SWIFT_VERSION = 5.0;
				TARGETED_DEVICE_FAMILY = "1,2";
			};
			name = Debug;
		};
		DFBEA58D240161CF0054E70E /* Release */ = {
			isa = XCBuildConfiguration;
			buildSettings = {
				ASSETCATALOG_COMPILER_APPICON_NAME = AppIcon;
				CODE_SIGN_STYLE = Automatic;
				INFOPLIST_FILE = FinanceCalculator/Info.plist;
				IPHONEOS_DEPLOYMENT_TARGET = 12.0;
				LD_RUNPATH_SEARCH_PATHS = (
					"$(inherited)",
					"@executable_path/Frameworks",
				);
				PRODUCT_BUNDLE_IDENTIFIER = uk.ac.westminster.w1757218.FinanceCalculator;
				PRODUCT_NAME = "$(TARGET_NAME)";
				SWIFT_VERSION = 5.0;
				TARGETED_DEVICE_FAMILY = "1,2";
			};
			name = Release;
		};
/* End XCBuildConfiguration section */

/* Begin XCConfigurationList section */
		DFBEA572240161CE0054E70E /* Build configuration list for PBXProject "FinanceCalculator" */ = {
			isa = XCConfigurationList;
			buildConfigurations = (
				DFBEA589240161CF0054E70E /* Debug */,
				DFBEA58A240161CF0054E70E /* Release */,
			);
			defaultConfigurationIsVisible = 0;
			defaultConfigurationName = Release;
		};
		DFBEA58B240161CF0054E70E /* Build configuration list for PBXNativeTarget "FinanceCalculator" */ = {
			isa = XCConfigurationList;
			buildConfigurations = (
				DFBEA58C240161CF0054E70E /* Debug */,
				DFBEA58D240161CF0054E70E /* Release */,
			);
			defaultConfigurationIsVisible = 0;
			defaultConfigurationName = Release;
		};
/* End XCConfigurationList section */
	};
	rootObject = DFBEA56F240161CE0054E70E /* Project object */;
}
